Microsoft Visual Studio Solution File, Format Version 12.00
# Visual Studio Version 17
VisualStudioVersion = 17.5.2.0
MinimumVisualStudioVersion = 10.0.40219.1
Project("{FAE04EC0-301F-11D3-BF4B-00C04F79EFBC}") = "PdfChatbotBackend", "PdfChatbotBackend\PdfChatbotBackend.csproj", "{CD286BE8-DF71-7685-2C70-BDF092BC7901}"
EndProject
Global
	GlobalSection(SolutionConfigurationPlatforms) = preSolution
		Debug|Any CPU = Debug|Any CPU
		Release|Any CPU = Release|Any CPU
	EndGlobalSection
	GlobalSection(ProjectConfigurationPlatforms) = postSolution
		{CD286BE8-DF71-7685-2C70-BDF092BC7901}.Debug|Any CPU.ActiveCfg = Debug|Any CPU
		{CD286BE8-DF71-7685-2C70-BDF092BC7901}.Debug|Any CPU.Build.0 = Debug|Any CPU
		{CD286BE8-DF71-7685-2C70-BDF092BC7901}.Release|Any CPU.ActiveCfg = Release|Any CPU
		{CD286BE8-DF71-7685-2C70-BDF092BC7901}.Release|Any CPU.Build.0 = Release|Any CPU
	EndGlobalSection
	GlobalSection(SolutionProperties) = preSolution
		HideSolutionNode = FALSE
	EndGlobalSection
	GlobalSection(ExtensibilityGlobals) = postSolution
		SolutionGuid = {1E557E70-A625-4795-A93F-AFC1CB9E94F6}
	EndGlobalSection
EndGlobal
